
Microsoft Visual Studio Solution File, Format Version 12.00
# Visual Studio Version 17
VisualStudioVersion = 17.0.31903.59
MinimumVisualStudioVersion = 10.0.40219.1
Project("{FAE04EC0-301F-11D3-BF4B-00C04F79EFBC}") = "BotTidus.BotClient", "src\BotTidus.BotClient\BotTidus.BotClient.csproj", "{F577FB21-6985-41AF-9E79-0A16DB90B34C}"
EndProject
Project("{FAE04EC0-301F-11D3-BF4B-00C04F79EFBC}") = "BotTidus.TraqClient", "src\BotTidus.TraqClient\BotTidus.TraqClient.csproj", "{876F89BD-C4DF-4D2B-808D-38E05FFF681F}"
EndProject
Project("{FAE04EC0-301F-11D3-BF4B-00C04F79EFBC}") = "BotTidus.TraqBot", "src\BotTidus.TraqBot\BotTidus.TraqBot.csproj", "{1BA07671-4BC0-48F1-8B20-9FE589139404}"
EndProject
Global
	GlobalSection(SolutionConfigurationPlatforms) = preSolution
		Debug|Any CPU = Debug|Any CPU
		Release|Any CPU = Release|Any CPU
	EndGlobalSection
	GlobalSection(ProjectConfigurationPlatforms) = postSolution
		{F577FB21-6985-41AF-9E79-0A16DB90B34C}.Debug|Any CPU.ActiveCfg = Debug|Any CPU
		{F577FB21-6985-41AF-9E79-0A16DB90B34C}.Debug|Any CPU.Build.0 = Debug|Any CPU
		{F577FB21-6985-41AF-9E79-0A16DB90B34C}.Release|Any CPU.ActiveCfg = Release|Any CPU
		{F577FB21-6985-41AF-9E79-0A16DB90B34C}.Release|Any CPU.Build.0 = Release|Any CPU
		{876F89BD-C4DF-4D2B-808D-38E05FFF681F}.Debug|Any CPU.ActiveCfg = Debug|Any CPU
		{876F89BD-C4DF-4D2B-808D-38E05FFF681F}.Debug|Any CPU.Build.0 = Debug|Any CPU
		{876F89BD-C4DF-4D2B-808D-38E05FFF681F}.Release|Any CPU.ActiveCfg = Release|Any CPU
		{876F89BD-C4DF-4D2B-808D-38E05FFF681F}.Release|Any CPU.Build.0 = Release|Any CPU
		{1BA07671-4BC0-48F1-8B20-9FE589139404}.Debug|Any CPU.ActiveCfg = Debug|Any CPU
		{1BA07671-4BC0-48F1-8B20-9FE589139404}.Debug|Any CPU.Build.0 = Debug|Any CPU
		{1BA07671-4BC0-48F1-8B20-9FE589139404}.Release|Any CPU.ActiveCfg = Release|Any CPU
		{1BA07671-4BC0-48F1-8B20-9FE589139404}.Release|Any CPU.Build.0 = Release|Any CPU
	EndGlobalSection
	GlobalSection(SolutionProperties) = preSolution
		HideSolutionNode = FALSE
	EndGlobalSection
EndGlobal
